
Microsoft Visual Studio Solution File, Format Version 12.00
# Visual Studio 2013
VisualStudioVersion = 12.0.31101.0
MinimumVisualStudioVersion = 10.0.40219.1
Project("{FAE04EC0-301F-11D3-BF4B-00C04F79EFBC}") = "AdvsoysFormsIgen", "AdvsoysFormsIgen\AdvsoysFormsIgen\AdvsoysFormsIgen.csproj", "{81A10C46-368D-489E-B279-E896D86971AA}"
EndProject
Project("{FAE04EC0-301F-11D3-BF4B-00C04F79EFBC}") = "AdvsoysFormsIgen.iOS", "AdvsoysFormsIgen\AdvsoysFormsIgen.iOS\AdvsoysFormsIgen.iOS.csproj", "{388DEB5C-2C5C-40E5-92D3-237AFBD74D89}"
EndProject
Project("{FAE04EC0-301F-11D3-BF4B-00C04F79EFBC}") = "AdvsoysFormsIgen.Droid", "AdvsoysFormsIgen\AdvsoysFormsIgen.Droid\AdvsoysFormsIgen.Droid.csproj", "{CD582885-F1CF-4735-9285-F4ADCB26AFFF}"
EndProject
Project("{FAE04EC0-301F-11D3-BF4B-00C04F79EFBC}") = "AdvsoysFormsIgen.WinPhone", "AdvsoysFormsIgen\AdvsoysFormsIgen.WinPhone\AdvsoysFormsIgen.WinPhone.csproj", "{01AD0875-9C0B-47B7-823D-2060EB76548B}"
EndProject
Global
	GlobalSection(TeamFoundationVersionControl) = preSolution
		SccNumberOfProjects = 5
		SccEnterpriseProvider = {4CA58AB2-18FA-4F8D-95D4-32DDF27D184C}
		SccTeamFoundationServer = https://jbfp.visualstudio.com/defaultcollection
		SccLocalPath0 = .
		SccProjectUniqueName1 = AdvsoysFormsIgen\\AdvsoysFormsIgen.iOS\\AdvsoysFormsIgen.iOS.csproj
		SccProjectName1 = AdvsoysFormsIgen/AdvsoysFormsIgen.iOS
		SccLocalPath1 = AdvsoysFormsIgen\\AdvsoysFormsIgen.iOS
		SccProjectUniqueName2 = AdvsoysFormsIgen\\AdvsoysFormsIgen.Droid\\AdvsoysFormsIgen.Droid.csproj
		SccProjectName2 = AdvsoysFormsIgen/AdvsoysFormsIgen.Droid
		SccLocalPath2 = AdvsoysFormsIgen\\AdvsoysFormsIgen.Droid
		SccProjectUniqueName3 = AdvsoysFormsIgen\\AdvsoysFormsIgen\\AdvsoysFormsIgen.csproj
		SccProjectName3 = AdvsoysFormsIgen/AdvsoysFormsIgen
		SccLocalPath3 = AdvsoysFormsIgen\\AdvsoysFormsIgen
		SccProjectUniqueName4 = AdvsoysFormsIgen\\AdvsoysFormsIgen.WinPhone\\AdvsoysFormsIgen.WinPhone.csproj
		SccProjectName4 = AdvsoysFormsIgen/AdvsoysFormsIgen.WinPhone
		SccLocalPath4 = AdvsoysFormsIgen\\AdvsoysFormsIgen.WinPhone
	EndGlobalSection
	GlobalSection(SolutionConfigurationPlatforms) = preSolution
		Ad-Hoc|Any CPU = Ad-Hoc|Any CPU
		Ad-Hoc|ARM = Ad-Hoc|ARM
		Ad-Hoc|iPhone = Ad-Hoc|iPhone
		Ad-Hoc|iPhoneSimulator = Ad-Hoc|iPhoneSimulator
		Ad-Hoc|Mixed Platforms = Ad-Hoc|Mixed Platforms
		Ad-Hoc|x86 = Ad-Hoc|x86
		AppStore|Any CPU = AppStore|Any CPU
		AppStore|ARM = AppStore|ARM
		AppStore|iPhone = AppStore|iPhone
		AppStore|iPhoneSimulator = AppStore|iPhoneSimulator
		AppStore|Mixed Platforms = AppStore|Mixed Platforms
		AppStore|x86 = AppStore|x86
		Debug|Any CPU = Debug|Any CPU
		Debug|ARM = Debug|ARM
		Debug|iPhone = Debug|iPhone
		Debug|iPhoneSimulator = Debug|iPhoneSimulator
		Debug|Mixed Platforms = Debug|Mixed Platforms
		Debug|x86 = Debug|x86
		Release|Any CPU = Release|Any CPU
		Release|ARM = Release|ARM
		Release|iPhone = Release|iPhone
		Release|iPhoneSimulator = Release|iPhoneSimulator
		Release|Mixed Platforms = Release|Mixed Platforms
		Release|x86 = Release|x86
	EndGlobalSection
	GlobalSection(ProjectConfigurationPlatforms) = postSolution
		{81A10C46-368D-489E-B279-E896D86971AA}.Ad-Hoc|Any CPU.ActiveCfg = Release|Any CPU
		{81A10C46-368D-489E-B279-E896D86971AA}.Ad-Hoc|Any CPU.Build.0 = Release|Any CPU
		{81A10C46-368D-489E-B279-E896D86971AA}.Ad-Hoc|ARM.ActiveCfg = Release|Any CPU
		{81A10C46-368D-489E-B279-E896D86971AA}.Ad-Hoc|iPhone.ActiveCfg = Release|Any CPU
		{81A10C46-368D-489E-B279-E896D86971AA}.Ad-Hoc|iPhoneSimulator.ActiveCfg = Release|Any CPU
		{81A10C46-368D-489E-B279-E896D86971AA}.Ad-Hoc|Mixed Platforms.ActiveCfg = Release|Any CPU
		{81A10C46-368D-489E-B279-E896D86971AA}.Ad-Hoc|Mixed Platforms.Build.0 = Release|Any CPU
		{81A10C46-368D-489E-B279-E896D86971AA}.Ad-Hoc|x86.ActiveCfg = Release|Any CPU
		{81A10C46-368D-489E-B279-E896D86971AA}.AppStore|Any CPU.ActiveCfg = Release|Any CPU
		{81A10C46-368D-489E-B279-E896D86971AA}.AppStore|Any CPU.Build.0 = Release|Any CPU
		{81A10C46-368D-489E-B279-E896D86971AA}.AppStore|ARM.ActiveCfg = Release|Any CPU
		{81A10C46-368D-489E-B279-E896D86971AA}.AppStore|iPhone.ActiveCfg = Release|Any CPU
		{81A10C46-368D-489E-B279-E896D86971AA}.AppStore|iPhoneSimulator.ActiveCfg = Release|Any CPU
		{81A10C46-368D-489E-B279-E896D86971AA}.AppStore|Mixed Platforms.ActiveCfg = Release|Any CPU
		{81A10C46-368D-489E-B279-E896D86971AA}.AppStore|Mixed Platforms.Build.0 = Release|Any CPU
		{81A10C46-368D-489E-B279-E896D86971AA}.AppStore|x86.ActiveCfg = Release|Any CPU
		{81A10C46-368D-489E-B279-E896D86971AA}.Debug|Any CPU.ActiveCfg = Debug|Any CPU
		{81A10C46-368D-489E-B279-E896D86971AA}.Debug|Any CPU.Build.0 = Debug|Any CPU
		{81A10C46-368D-489E-B279-E896D86971AA}.Debug|ARM.ActiveCfg = Debug|Any CPU
		{81A10C46-368D-489E-B279-E896D86971AA}.Debug|iPhone.ActiveCfg = Debug|Any CPU
		{81A10C46-368D-489E-B279-E896D86971AA}.Debug|iPhoneSimulator.ActiveCfg = Debug|Any CPU
		{81A10C46-368D-489E-B279-E896D86971AA}.Debug|iPhoneSimulator.Build.0 = Debug|Any CPU
		{81A10C46-368D-489E-B279-E896D86971AA}.Debug|Mixed Platforms.ActiveCfg = Debug|Any CPU
		{81A10C46-368D-489E-B279-E896D86971AA}.Debug|Mixed Platforms.Build.0 = Debug|Any CPU
		{81A10C46-368D-489E-B279-E896D86971AA}.Debug|x86.ActiveCfg = Debug|Any CPU
		{81A10C46-368D-489E-B279-E896D86971AA}.Debug|x86.Build.0 = Debug|Any CPU
		{81A10C46-368D-489E-B279-E896D86971AA}.Release|Any CPU.ActiveCfg = Release|Any CPU
		{81A10C46-368D-489E-B279-E896D86971AA}.Release|Any CPU.Build.0 = Release|Any CPU
		{81A10C46-368D-489E-B279-E896D86971AA}.Release|ARM.ActiveCfg = Release|Any CPU
		{81A10C46-368D-489E-B279-E896D86971AA}.Release|iPhone.ActiveCfg = Release|Any CPU
		{81A10C46-368D-489E-B279-E896D86971AA}.Release|iPhoneSimulator.ActiveCfg = Release|Any CPU
		{81A10C46-368D-489E-B279-E896D86971AA}.Release|Mixed Platforms.ActiveCfg = Release|Any CPU
		{81A10C46-368D-489E-B279-E896D86971AA}.Release|Mixed Platforms.Build.0 = Release|Any CPU
		{81A10C46-368D-489E-B279-E896D86971AA}.Release|x86.ActiveCfg = Release|Any CPU
		{388DEB5C-2C5C-40E5-92D3-237AFBD74D89}.Ad-Hoc|Any CPU.ActiveCfg = Ad-Hoc|iPhone
		{388DEB5C-2C5C-40E5-92D3-237AFBD74D89}.Ad-Hoc|ARM.ActiveCfg = Ad-Hoc|iPhone
		{388DEB5C-2C5C-40E5-92D3-237AFBD74D89}.Ad-Hoc|iPhone.ActiveCfg = Ad-Hoc|iPhone
		{388DEB5C-2C5C-40E5-92D3-237AFBD74D89}.Ad-Hoc|iPhone.Build.0 = Ad-Hoc|iPhone
		{388DEB5C-2C5C-40E5-92D3-237AFBD74D89}.Ad-Hoc|iPhoneSimulator.ActiveCfg = Ad-Hoc|iPhoneSimulator
		{388DEB5C-2C5C-40E5-92D3-237AFBD74D89}.Ad-Hoc|iPhoneSimulator.Build.0 = Ad-Hoc|iPhoneSimulator
		{388DEB5C-2C5C-40E5-92D3-237AFBD74D89}.Ad-Hoc|Mixed Platforms.ActiveCfg = Ad-Hoc|iPhone
		{388DEB5C-2C5C-40E5-92D3-237AFBD74D89}.Ad-Hoc|Mixed Platforms.Build.0 = Ad-Hoc|iPhone
		{388DEB5C-2C5C-40E5-92D3-237AFBD74D89}.Ad-Hoc|x86.ActiveCfg = Ad-Hoc|iPhone
		{388DEB5C-2C5C-40E5-92D3-237AFBD74D89}.AppStore|Any CPU.ActiveCfg = AppStore|iPhone
		{388DEB5C-2C5C-40E5-92D3-237AFBD74D89}.AppStore|ARM.ActiveCfg = AppStore|iPhone
		{388DEB5C-2C5C-40E5-92D3-237AFBD74D89}.AppStore|iPhone.ActiveCfg = AppStore|iPhone
		{388DEB5C-2C5C-40E5-92D3-237AFBD74D89}.AppStore|iPhone.Build.0 = AppStore|iPhone
		{388DEB5C-2C5C-40E5-92D3-237AFBD74D89}.AppStore|iPhoneSimulator.ActiveCfg = AppStore|iPhoneSimulator
		{388DEB5C-2C5C-40E5-92D3-237AFBD74D89}.AppStore|iPhoneSimulator.Build.0 = AppStore|iPhoneSimulator
		{388DEB5C-2C5C-40E5-92D3-237AFBD74D89}.AppStore|Mixed Platforms.ActiveCfg = AppStore|iPhone
		{388DEB5C-2C5C-40E5-92D3-237AFBD74D89}.AppStore|Mixed Platforms.Build.0 = AppStore|iPhone
		{388DEB5C-2C5C-40E5-92D3-237AFBD74D89}.AppStore|x86.ActiveCfg = AppStore|iPhone
		{388DEB5C-2C5C-40E5-92D3-237AFBD74D89}.Debug|Any CPU.ActiveCfg = Debug|iPhone
		{388DEB5C-2C5C-40E5-92D3-237AFBD74D89}.Debug|ARM.ActiveCfg = Debug|iPhone
		{388DEB5C-2C5C-40E5-92D3-237AFBD74D89}.Debug|iPhone.ActiveCfg = Debug|iPhone
		{388DEB5C-2C5C-40E5-92D3-237AFBD74D89}.Debug|iPhone.Build.0 = Debug|iPhone
		{388DEB5C-2C5C-40E5-92D3-237AFBD74D89}.Debug|iPhoneSimulator.ActiveCfg = Debug|iPhoneSimulator
		{388DEB5C-2C5C-40E5-92D3-237AFBD74D89}.Debug|iPhoneSimulator.Build.0 = Debug|iPhoneSimulator
		{388DEB5C-2C5C-40E5-92D3-237AFBD74D89}.Debug|Mixed Platforms.ActiveCfg = Debug|iPhone
		{388DEB5C-2C5C-40E5-92D3-237AFBD74D89}.Debug|Mixed Platforms.Build.0 = Debug|iPhone
		{388DEB5C-2C5C-40E5-92D3-237AFBD74D89}.Debug|x86.ActiveCfg = Debug|iPhone
		{388DEB5C-2C5C-40E5-92D3-237AFBD74D89}.Release|Any CPU.ActiveCfg = Release|iPhone
		{388DEB5C-2C5C-40E5-92D3-237AFBD74D89}.Release|ARM.ActiveCfg = Release|iPhone
		{388DEB5C-2C5C-40E5-92D3-237AFBD74D89}.Release|iPhone.ActiveCfg = Release|iPhone
		{388DEB5C-2C5C-40E5-92D3-237AFBD74D89}.Release|iPhone.Build.0 = Release|iPhone
		{388DEB5C-2C5C-40E5-92D3-237AFBD74D89}.Release|iPhoneSimulator.ActiveCfg = Release|iPhoneSimulator
		{388DEB5C-2C5C-40E5-92D3-237AFBD74D89}.Release|iPhoneSimulator.Build.0 = Release|iPhoneSimulator
		{388DEB5C-2C5C-40E5-92D3-237AFBD74D89}.Release|Mixed Platforms.ActiveCfg = Release|iPhone
		{388DEB5C-2C5C-40E5-92D3-237AFBD74D89}.Release|Mixed Platforms.Build.0 = Release|iPhone
		{388DEB5C-2C5C-40E5-92D3-237AFBD74D89}.Release|x86.ActiveCfg = Release|iPhone
		{CD582885-F1CF-4735-9285-F4ADCB26AFFF}.Ad-Hoc|Any CPU.ActiveCfg = Release|Any CPU
		{CD582885-F1CF-4735-9285-F4ADCB26AFFF}.Ad-Hoc|Any CPU.Build.0 = Release|Any CPU
		{CD582885-F1CF-4735-9285-F4ADCB26AFFF}.Ad-Hoc|Any CPU.Deploy.0 = Release|Any CPU
		{CD582885-F1CF-4735-9285-F4ADCB26AFFF}.Ad-Hoc|ARM.ActiveCfg = Release|Any CPU
		{CD582885-F1CF-4735-9285-F4ADCB26AFFF}.Ad-Hoc|iPhone.ActiveCfg = Release|Any CPU
		{CD582885-F1CF-4735-9285-F4ADCB26AFFF}.Ad-Hoc|iPhoneSimulator.ActiveCfg = Release|Any CPU
		{CD582885-F1CF-4735-9285-F4ADCB26AFFF}.Ad-Hoc|Mixed Platforms.ActiveCfg = Release|Any CPU
		{CD582885-F1CF-4735-9285-F4ADCB26AFFF}.Ad-Hoc|Mixed Platforms.Build.0 = Release|Any CPU
		{CD582885-F1CF-4735-9285-F4ADCB26AFFF}.Ad-Hoc|Mixed Platforms.Deploy.0 = Release|Any CPU
		{CD582885-F1CF-4735-9285-F4ADCB26AFFF}.Ad-Hoc|x86.ActiveCfg = Release|Any CPU
		{CD582885-F1CF-4735-9285-F4ADCB26AFFF}.AppStore|Any CPU.ActiveCfg = Release|Any CPU
		{CD582885-F1CF-4735-9285-F4ADCB26AFFF}.AppStore|Any CPU.Build.0 = Release|Any CPU
		{CD582885-F1CF-4735-9285-F4ADCB26AFFF}.AppStore|Any CPU.Deploy.0 = Release|Any CPU
		{CD582885-F1CF-4735-9285-F4ADCB26AFFF}.AppStore|ARM.ActiveCfg = Release|Any CPU
		{CD582885-F1CF-4735-9285-F4ADCB26AFFF}.AppStore|iPhone.ActiveCfg = Release|Any CPU
		{CD582885-F1CF-4735-9285-F4ADCB26AFFF}.AppStore|iPhoneSimulator.ActiveCfg = Release|Any CPU
		{CD582885-F1CF-4735-9285-F4ADCB26AFFF}.AppStore|Mixed Platforms.ActiveCfg = Release|Any CPU
		{CD582885-F1CF-4735-9285-F4ADCB26AFFF}.AppStore|Mixed Platforms.Build.0 = Release|Any CPU
		{CD582885-F1CF-4735-9285-F4ADCB26AFFF}.AppStore|Mixed Platforms.Deploy.0 = Release|Any CPU
		{CD582885-F1CF-4735-9285-F4ADCB26AFFF}.AppStore|x86.ActiveCfg = Release|Any CPU
		{CD582885-F1CF-4735-9285-F4ADCB26AFFF}.Debug|Any CPU.ActiveCfg = Debug|Any CPU
		{CD582885-F1CF-4735-9285-F4ADCB26AFFF}.Debug|Any CPU.Build.0 = Debug|Any CPU
		{CD582885-F1CF-4735-9285-F4ADCB26AFFF}.Debug|Any CPU.Deploy.0 = Debug|Any CPU
		{CD582885-F1CF-4735-9285-F4ADCB26AFFF}.Debug|ARM.ActiveCfg = Debug|Any CPU
		{CD582885-F1CF-4735-9285-F4ADCB26AFFF}.Debug|iPhone.ActiveCfg = Debug|Any CPU
		{CD582885-F1CF-4735-9285-F4ADCB26AFFF}.Debug|iPhoneSimulator.ActiveCfg = Debug|Any CPU
		{CD582885-F1CF-4735-9285-F4ADCB26AFFF}.Debug|Mixed Platforms.ActiveCfg = Debug|Any CPU
		{CD582885-F1CF-4735-9285-F4ADCB26AFFF}.Debug|Mixed Platforms.Build.0 = Debug|Any CPU
		{CD582885-F1CF-4735-9285-F4ADCB26AFFF}.Debug|Mixed Platforms.Deploy.0 = Debug|Any CPU
		{CD582885-F1CF-4735-9285-F4ADCB26AFFF}.Debug|x86.ActiveCfg = Debug|Any CPU
		{CD582885-F1CF-4735-9285-F4ADCB26AFFF}.Release|Any CPU.ActiveCfg = Release|Any CPU
		{CD582885-F1CF-4735-9285-F4ADCB26AFFF}.Release|Any CPU.Build.0 = Release|Any CPU
		{CD582885-F1CF-4735-9285-F4ADCB26AFFF}.Release|Any CPU.Deploy.0 = Release|Any CPU
		{CD582885-F1CF-4735-9285-F4ADCB26AFFF}.Release|ARM.ActiveCfg = Release|Any CPU
		{CD582885-F1CF-4735-9285-F4ADCB26AFFF}.Release|iPhone.ActiveCfg = Release|Any CPU
		{CD582885-F1CF-4735-9285-F4ADCB26AFFF}.Release|iPhoneSimulator.ActiveCfg = Release|Any CPU
		{CD582885-F1CF-4735-9285-F4ADCB26AFFF}.Release|Mixed Platforms.ActiveCfg = Release|Any CPU
		{CD582885-F1CF-4735-9285-F4ADCB26AFFF}.Release|Mixed Platforms.Build.0 = Release|Any CPU
		{CD582885-F1CF-4735-9285-F4ADCB26AFFF}.Release|Mixed Platforms.Deploy.0 = Release|Any CPU
		{CD582885-F1CF-4735-9285-F4ADCB26AFFF}.Release|x86.ActiveCfg = Release|Any CPU
		{01AD0875-9C0B-47B7-823D-2060EB76548B}.Ad-Hoc|Any CPU.ActiveCfg = Release|Any CPU
		{01AD0875-9C0B-47B7-823D-2060EB76548B}.Ad-Hoc|Any CPU.Build.0 = Release|Any CPU
		{01AD0875-9C0B-47B7-823D-2060EB76548B}.Ad-Hoc|Any CPU.Deploy.0 = Release|Any CPU
		{01AD0875-9C0B-47B7-823D-2060EB76548B}.Ad-Hoc|ARM.ActiveCfg = Release|ARM
		{01AD0875-9C0B-47B7-823D-2060EB76548B}.Ad-Hoc|ARM.Build.0 = Release|ARM
		{01AD0875-9C0B-47B7-823D-2060EB76548B}.Ad-Hoc|ARM.Deploy.0 = Release|ARM
		{01AD0875-9C0B-47B7-823D-2060EB76548B}.Ad-Hoc|iPhone.ActiveCfg = Release|Any CPU
		{01AD0875-9C0B-47B7-823D-2060EB76548B}.Ad-Hoc|iPhoneSimulator.ActiveCfg = Release|Any CPU
		{01AD0875-9C0B-47B7-823D-2060EB76548B}.Ad-Hoc|Mixed Platforms.ActiveCfg = Release|x86
		{01AD0875-9C0B-47B7-823D-2060EB76548B}.Ad-Hoc|Mixed Platforms.Build.0 = Release|x86
		{01AD0875-9C0B-47B7-823D-2060EB76548B}.Ad-Hoc|Mixed Platforms.Deploy.0 = Release|x86
		{01AD0875-9C0B-47B7-823D-2060EB76548B}.Ad-Hoc|x86.ActiveCfg = Release|x86
		{01AD0875-9C0B-47B7-823D-2060EB76548B}.Ad-Hoc|x86.Build.0 = Release|x86
		{01AD0875-9C0B-47B7-823D-2060EB76548B}.Ad-Hoc|x86.Deploy.0 = Release|x86
		{01AD0875-9C0B-47B7-823D-2060EB76548B}.AppStore|Any CPU.ActiveCfg = Release|Any CPU
		{01AD0875-9C0B-47B7-823D-2060EB76548B}.AppStore|Any CPU.Build.0 = Release|Any CPU
		{01AD0875-9C0B-47B7-823D-2060EB76548B}.AppStore|Any CPU.Deploy.0 = Release|Any CPU
		{01AD0875-9C0B-47B7-823D-2060EB76548B}.AppStore|ARM.ActiveCfg = Release|ARM
		{01AD0875-9C0B-47B7-823D-2060EB76548B}.AppStore|ARM.Build.0 = Release|ARM
		{01AD0875-9C0B-47B7-823D-2060EB76548B}.AppStore|ARM.Deploy.0 = Release|ARM
		{01AD0875-9C0B-47B7-823D-2060EB76548B}.AppStore|iPhone.ActiveCfg = Release|Any CPU
		{01AD0875-9C0B-47B7-823D-2060EB76548B}.AppStore|iPhoneSimulator.ActiveCfg = Release|Any CPU
		{01AD0875-9C0B-47B7-823D-2060EB76548B}.AppStore|Mixed Platforms.ActiveCfg = Release|x86
		{01AD0875-9C0B-47B7-823D-2060EB76548B}.AppStore|Mixed Platforms.Build.0 = Release|x86
		{01AD0875-9C0B-47B7-823D-2060EB76548B}.AppStore|Mixed Platforms.Deploy.0 = Release|x86
		{01AD0875-9C0B-47B7-823D-2060EB76548B}.AppStore|x86.ActiveCfg = Release|x86
		{01AD0875-9C0B-47B7-823D-2060EB76548B}.AppStore|x86.Build.0 = Release|x86
		{01AD0875-9C0B-47B7-823D-2060EB76548B}.AppStore|x86.Deploy.0 = Release|x86
		{01AD0875-9C0B-47B7-823D-2060EB76548B}.Debug|Any CPU.ActiveCfg = Debug|Any CPU
		{01AD0875-9C0B-47B7-823D-2060EB76548B}.Debug|Any CPU.Build.0 = Debug|Any CPU
		{01AD0875-9C0B-47B7-823D-2060EB76548B}.Debug|Any CPU.Deploy.0 = Debug|Any CPU
		{01AD0875-9C0B-47B7-823D-2060EB76548B}.Debug|ARM.ActiveCfg = Debug|ARM
		{01AD0875-9C0B-47B7-823D-2060EB76548B}.Debug|ARM.Build.0 = Debug|ARM
		{01AD0875-9C0B-47B7-823D-2060EB76548B}.Debug|ARM.Deploy.0 = Debug|ARM
		{01AD0875-9C0B-47B7-823D-2060EB76548B}.Debug|iPhone.ActiveCfg = Debug|Any CPU
		{01AD0875-9C0B-47B7-823D-2060EB76548B}.Debug|iPhoneSimulator.ActiveCfg = Debug|Any CPU
		{01AD0875-9C0B-47B7-823D-2060EB76548B}.Debug|Mixed Platforms.ActiveCfg = Debug|x86
		{01AD0875-9C0B-47B7-823D-2060EB76548B}.Debug|Mixed Platforms.Build.0 = Debug|x86
		{01AD0875-9C0B-47B7-823D-2060EB76548B}.Debug|Mixed Platforms.Deploy.0 = Debug|x86
		{01AD0875-9C0B-47B7-823D-2060EB76548B}.Debug|x86.ActiveCfg = Debug|x86
		{01AD0875-9C0B-47B7-823D-2060EB76548B}.Debug|x86.Build.0 = Debug|x86
		{01AD0875-9C0B-47B7-823D-2060EB76548B}.Debug|x86.Deploy.0 = Debug|x86
		{01AD0875-9C0B-47B7-823D-2060EB76548B}.Release|Any CPU.ActiveCfg = Release|Any CPU
		{01AD0875-9C0B-47B7-823D-2060EB76548B}.Release|Any CPU.Build.0 = Release|Any CPU
		{01AD0875-9C0B-47B7-823D-2060EB76548B}.Release|Any CPU.Deploy.0 = Release|Any CPU
		{01AD0875-9C0B-47B7-823D-2060EB76548B}.Release|ARM.ActiveCfg = Release|ARM
		{01AD0875-9C0B-47B7-823D-2060EB76548B}.Release|ARM.Build.0 = Release|ARM
		{01AD0875-9C0B-47B7-823D-2060EB76548B}.Release|ARM.Deploy.0 = Release|ARM
		{01AD0875-9C0B-47B7-823D-2060EB76548B}.Release|iPhone.ActiveCfg = Release|Any CPU
		{01AD0875-9C0B-47B7-823D-2060EB76548B}.Release|iPhoneSimulator.ActiveCfg = Release|Any CPU
		{01AD0875-9C0B-47B7-823D-2060EB76548B}.Release|Mixed Platforms.ActiveCfg = Release|x86
		{01AD0875-9C0B-47B7-823D-2060EB76548B}.Release|Mixed Platforms.Build.0 = Release|x86
		{01AD0875-9C0B-47B7-823D-2060EB76548B}.Release|Mixed Platforms.Deploy.0 = Release|x86
		{01AD0875-9C0B-47B7-823D-2060EB76548B}.Release|x86.ActiveCfg = Release|x86
		{01AD0875-9C0B-47B7-823D-2060EB76548B}.Release|x86.Build.0 = Release|x86
		{01AD0875-9C0B-47B7-823D-2060EB76548B}.Release|x86.Deploy.0 = Release|x86
	EndGlobalSection
	GlobalSection(SolutionProperties) = preSolution
		HideSolutionNode = FALSE
	EndGlobalSection
EndGlobal
